{
  "name": "mediahills",
  "version": "1.0.0",
  "lockfileVersion": 2,
  "requires": true,
  "packages": {
    "": {
      "name": "mediahills",
      "version": "1.0.0",
      "license": "ISC",
      "dependencies": {
        "@prisma/client": "^3.2.0",
        "axios": "^0.22.0",
        "dotenv": "^10.0.0",
        "luxon": "^2.0.2"
      },
      "devDependencies": {
        "prisma": "^3.2.0"
      }
    },
    "node_modules/@prisma/client": {
      "version": "3.2.0",
      "resolved": "https://registry.npmjs.org/@prisma/client/-/client-3.2.0.tgz",
      "integrity": "sha512-YCS/N3DZWoaKXhyS8dHwgUvT/NKXvlLbB5fsy0FvYC305JgNtMLjNbxsx0HjIcNw82MEhP7zWEXNvOLpOgGCUg==",
      "hasInstallScript": true,
      "dependencies": {
        "@prisma/engines-version": "3.2.0-34.afdab2f10860244038c4e32458134112852d4dad"
      },
      "engines": {
        "node": ">=12.6"
      },
      "peerDependencies": {
        "prisma": "*"
      },
      "peerDependenciesMeta": {
        "prisma": {
          "optional": true
        }
      }
    },
    "node_modules/@prisma/engines": {
      "version": "3.2.0-34.afdab2f10860244038c4e32458134112852d4dad",
      "resolved": "https://registry.npmjs.org/@prisma/engines/-/engines-3.2.0-34.afdab2f10860244038c4e32458134112852d4dad.tgz",
      "integrity": "sha512-MiZORXXsGORXTF9RqqKIlN/2ohkaxAWTsS7qxDJTy5ThTYLrXSmzxTSohM4qN/AI616B+o5WV7XTBhjlPKSufg==",
      "devOptional": true,
      "hasInstallScript": true
    },
    "node_modules/@prisma/engines-version": {
      "version": "3.2.0-34.afdab2f10860244038c4e32458134112852d4dad",
      "resolved": "https://registry.npmjs.org/@prisma/engines-version/-/engines-version-3.2.0-34.afdab2f10860244038c4e32458134112852d4dad.tgz",
      "integrity": "sha512-zYzFOmFvk5YzShqm6DuK7ULtjbJQpebAeD3gcpPfPjx6Uf9pug3bxeswp8/3sk2KKVUeKPUQg5p3TZLskyBNjA=="
    },
    "node_modules/axios": {
      "version": "0.22.0",
      "resolved": "https://registry.npmjs.org/axios/-/axios-0.22.0.tgz",
      "integrity": "sha512-Z0U3uhqQeg1oNcihswf4ZD57O3NrR1+ZXhxaROaWpDmsDTx7T2HNBV2ulBtie2hwJptu8UvgnJoK+BIqdzh/1w==",
      "dependencies": {
        "follow-redirects": "^1.14.4"
      }
    },
    "node_modules/dotenv": {
      "version": "10.0.0",
      "resolved": "https://registry.npmjs.org/dotenv/-/dotenv-10.0.0.tgz",
      "integrity": "sha512-rlBi9d8jpv9Sf1klPjNfFAuWDjKLwTIJJ/VxtoTwIR6hnZxcEOQCZg2oIL3MWBYw5GpUDKOEnND7LXTbIpQ03Q==",
      "engines": {
        "node": ">=10"
      }
    },
    "node_modules/follow-redirects": {
      "version": "1.14.4",
      "resolved": "https://registry.npmjs.org/follow-redirects/-/follow-redirects-1.14.4.tgz",
      "integrity": "sha512-zwGkiSXC1MUJG/qmeIFH2HBJx9u0V46QGUe3YR1fXG8bXQxq7fLj0RjLZQ5nubr9qNJUZrH+xUcwXEoXNpfS+g==",
      "funding": [
        {
          "type": "individual",
          "url": "https://github.com/sponsors/RubenVerborgh"
        }
      ],
      "engines": {
        "node": ">=4.0"
      },
      "peerDependenciesMeta": {
        "debug": {
          "optional": true
        }
      }
    },
    "node_modules/luxon": {
      "version": "2.0.2",
      "resolved": "https://registry.npmjs.org/luxon/-/luxon-2.0.2.tgz",
      "integrity": "sha512-ZRioYLCgRHrtTORaZX1mx+jtxKtKuI5ZDvHNAmqpUzGqSrR+tL4FVLn/CUGMA3h0+AKD1MAxGI5GnCqR5txNqg==",
      "engines": {
        "node": "*"
      }
    },
    "node_modules/prisma": {
      "version": "3.2.0",
      "resolved": "https://registry.npmjs.org/prisma/-/prisma-3.2.0.tgz",
      "integrity": "sha512-o8+DH0RD5DbP8QTZej2dsY64yvjOwOG3TWOlJyoCHQ+8DH9m4tzxo38j6IF/PqpN4PmAGPpHuNi/nssG1cvYlQ==",
      "devOptional": true,
      "hasInstallScript": true,
      "dependencies": {
        "@prisma/engines": "3.2.0-34.afdab2f10860244038c4e32458134112852d4dad"
      },
      "bin": {
        "prisma": "build/index.js",
        "prisma2": "build/index.js"
      },
      "engines": {
        "node": ">=12.6"
      }
    }
  },
  "dependencies": {
    "@prisma/client": {
      "version": "3.2.0",
      "resolved": "https://registry.npmjs.org/@prisma/client/-/client-3.2.0.tgz",
      "integrity": "sha512-YCS/N3DZWoaKXhyS8dHwgUvT/NKXvlLbB5fsy0FvYC305JgNtMLjNbxsx0HjIcNw82MEhP7zWEXNvOLpOgGCUg==",
      "requires": {
        "@prisma/engines-version": "3.2.0-34.afdab2f10860244038c4e32458134112852d4dad"
      }
    },
    "@prisma/engines": {
      "version": "3.2.0-34.afdab2f10860244038c4e32458134112852d4dad",
      "resolved": "https://registry.npmjs.org/@prisma/engines/-/engines-3.2.0-34.afdab2f10860244038c4e32458134112852d4dad.tgz",
      "integrity": "sha512-MiZORXXsGORXTF9RqqKIlN/2ohkaxAWTsS7qxDJTy5ThTYLrXSmzxTSohM4qN/AI616B+o5WV7XTBhjlPKSufg==",
      "devOptional": true
    },
    "@prisma/engines-version": {
      "version": "3.2.0-34.afdab2f10860244038c4e32458134112852d4dad",
      "resolved": "https://registry.npmjs.org/@prisma/engines-version/-/engines-version-3.2.0-34.afdab2f10860244038c4e32458134112852d4dad.tgz",
      "integrity": "sha512-zYzFOmFvk5YzShqm6DuK7ULtjbJQpebAeD3gcpPfPjx6Uf9pug3bxeswp8/3sk2KKVUeKPUQg5p3TZLskyBNjA=="
    },
    "axios": {
      "version": "0.22.0",
      "resolved": "https://registry.npmjs.org/axios/-/axios-0.22.0.tgz",
      "integrity": "sha512-Z0U3uhqQeg1oNcihswf4ZD57O3NrR1+ZXhxaROaWpDmsDTx7T2HNBV2ulBtie2hwJptu8UvgnJoK+BIqdzh/1w==",
      "requires": {
        "follow-redirects": "^1.14.4"
      }
    },
    "dotenv": {
      "version": "10.0.0",
      "resolved": "https://registry.npmjs.org/dotenv/-/dotenv-10.0.0.tgz",
      "integrity": "sha512-rlBi9d8jpv9Sf1klPjNfFAuWDjKLwTIJJ/VxtoTwIR6hnZxcEOQCZg2oIL3MWBYw5GpUDKOEnND7LXTbIpQ03Q=="
    },
    "follow-redirects": {
      "version": "1.14.4",
      "resolved": "https://registry.npmjs.org/follow-redirects/-/follow-redirects-1.14.4.tgz",
      "integrity": "sha512-zwGkiSXC1MUJG/qmeIFH2HBJx9u0V46QGUe3YR1fXG8bXQxq7fLj0RjLZQ5nubr9qNJUZrH+xUcwXEoXNpfS+g=="
    },
    "luxon": {
      "version": "2.0.2",
      "resolved": "https://registry.npmjs.org/luxon/-/luxon-2.0.2.tgz",
      "integrity": "sha512-ZRioYLCgRHrtTORaZX1mx+jtxKtKuI5ZDvHNAmqpUzGqSrR+tL4FVLn/CUGMA3h0+AKD1MAxGI5GnCqR5txNqg=="
    },
    "prisma": {
      "version": "3.2.0",
      "resolved": "https://registry.npmjs.org/prisma/-/prisma-3.2.0.tgz",
      "integrity": "sha512-o8+DH0RD5DbP8QTZej2dsY64yvjOwOG3TWOlJyoCHQ+8DH9m4tzxo38j6IF/PqpN4PmAGPpHuNi/nssG1cvYlQ==",
      "devOptional": true,
      "requires": {
        "@prisma/engines": "3.2.0-34.afdab2f10860244038c4e32458134112852d4dad"
      }
    }
  }
}
